
Microsoft Visual Studio Solution File, Format Version 12.00
Project("{FAE04EC0-301F-11D3-BF4B-00C04F79EFBC}") = "src\RM.Producer.Api", "src\RM.Producer.Api\RM.Producer.Api.csproj", "{8558FC59-07B8-4726-8920-80FFBCEC1BE0}"
EndProject
Project("{FAE04EC0-301F-11D3-BF4B-00C04F79EFBC}") = "src\RM.Producer.Domain", "src\RM.Producer.Domain\RM.Producer.Domain.csproj", "{0F474427-B70C-4FE3-939E-7904530443D0}"
EndProject
Project("{FAE04EC0-301F-11D3-BF4B-00C04F79EFBC}") = "src\RM.Producer.Application", "src\RM.Producer.Application\RM.Producer.Application.csproj", "{FF1A7F20-C3B7-42B3-AEB2-00B009AB3E4A}"
EndProject
Project("{FAE04EC0-301F-11D3-BF4B-00C04F79EFBC}") = "src\RM.Producer.Infrastructure", "src\RM.Producer.Infrastructure\RM.Producer.Infrastructure.csproj", "{FDAFF875-DD34-4DE0-89C7-128BF6159747}"
EndProject
Project("{2150E333-8FDC-42A3-9474-1A3956D46DE8}") = "tests", "tests", "{DE2EA682-1AA3-4201-9383-7955F980B922}"
EndProject
Project("{FAE04EC0-301F-11D3-BF4B-00C04F79EFBC}") = "tests\RM.Producer.Api.Tests.Unit", "tests\RM.Producer.Api.Tests.Unit\RM.Producer.Api.Tests.Unit.csproj", "{A14D7154-3BB2-40B1-AA79-24BB179C372C}"
EndProject
Project("{2150E333-8FDC-42A3-9474-1A3956D46DE8}") = "src", "src", "{05488A83-E0F7-4199-855A-A9EFEB30AC31}"
EndProject
Global
	GlobalSection(SolutionConfigurationPlatforms) = preSolution
		Debug|Any CPU = Debug|Any CPU
		Release|Any CPU = Release|Any CPU
	EndGlobalSection
	GlobalSection(ProjectConfigurationPlatforms) = postSolution
		{8558FC59-07B8-4726-8920-80FFBCEC1BE0}.Debug|Any CPU.ActiveCfg = Debug|Any CPU
		{8558FC59-07B8-4726-8920-80FFBCEC1BE0}.Debug|Any CPU.Build.0 = Debug|Any CPU
		{8558FC59-07B8-4726-8920-80FFBCEC1BE0}.Release|Any CPU.ActiveCfg = Release|Any CPU
		{8558FC59-07B8-4726-8920-80FFBCEC1BE0}.Release|Any CPU.Build.0 = Release|Any CPU
		{0F474427-B70C-4FE3-939E-7904530443D0}.Debug|Any CPU.ActiveCfg = Debug|Any CPU
		{0F474427-B70C-4FE3-939E-7904530443D0}.Debug|Any CPU.Build.0 = Debug|Any CPU
		{0F474427-B70C-4FE3-939E-7904530443D0}.Release|Any CPU.ActiveCfg = Release|Any CPU
		{0F474427-B70C-4FE3-939E-7904530443D0}.Release|Any CPU.Build.0 = Release|Any CPU
		{FF1A7F20-C3B7-42B3-AEB2-00B009AB3E4A}.Debug|Any CPU.ActiveCfg = Debug|Any CPU
		{FF1A7F20-C3B7-42B3-AEB2-00B009AB3E4A}.Debug|Any CPU.Build.0 = Debug|Any CPU
		{FF1A7F20-C3B7-42B3-AEB2-00B009AB3E4A}.Release|Any CPU.ActiveCfg = Release|Any CPU
		{FF1A7F20-C3B7-42B3-AEB2-00B009AB3E4A}.Release|Any CPU.Build.0 = Release|Any CPU
		{FDAFF875-DD34-4DE0-89C7-128BF6159747}.Debug|Any CPU.ActiveCfg = Debug|Any CPU
		{FDAFF875-DD34-4DE0-89C7-128BF6159747}.Debug|Any CPU.Build.0 = Debug|Any CPU
		{FDAFF875-DD34-4DE0-89C7-128BF6159747}.Release|Any CPU.ActiveCfg = Release|Any CPU
		{FDAFF875-DD34-4DE0-89C7-128BF6159747}.Release|Any CPU.Build.0 = Release|Any CPU
		{A14D7154-3BB2-40B1-AA79-24BB179C372C}.Debug|Any CPU.ActiveCfg = Debug|Any CPU
		{A14D7154-3BB2-40B1-AA79-24BB179C372C}.Debug|Any CPU.Build.0 = Debug|Any CPU
		{A14D7154-3BB2-40B1-AA79-24BB179C372C}.Release|Any CPU.ActiveCfg = Release|Any CPU
		{A14D7154-3BB2-40B1-AA79-24BB179C372C}.Release|Any CPU.Build.0 = Release|Any CPU
	EndGlobalSection
	GlobalSection(NestedProjects) = preSolution
		{A14D7154-3BB2-40B1-AA79-24BB179C372C} = {DE2EA682-1AA3-4201-9383-7955F980B922}
		{8558FC59-07B8-4726-8920-80FFBCEC1BE0} = {05488A83-E0F7-4199-855A-A9EFEB30AC31}
		{FF1A7F20-C3B7-42B3-AEB2-00B009AB3E4A} = {05488A83-E0F7-4199-855A-A9EFEB30AC31}
		{0F474427-B70C-4FE3-939E-7904530443D0} = {05488A83-E0F7-4199-855A-A9EFEB30AC31}
		{FDAFF875-DD34-4DE0-89C7-128BF6159747} = {05488A83-E0F7-4199-855A-A9EFEB30AC31}
	EndGlobalSection
EndGlobal
